
Microsoft Visual Studio Solution File, Format Version 12.00
# Visual Studio Version 16
VisualStudioVersion = 16.0.31624.102
MinimumVisualStudioVersion = 10.0.40219.1
Project("{9A19103F-16F7-4668-BE54-9A1E7A4F7556}") = "FFS.Web", "FFS.Web\FFS.Web.csproj", "{98E80FE8-5D83-4A21-A297-C5AA9519325D}"
EndProject
Project("{2150E333-8FDC-42A3-9474-1A3956D46DE8}") = "Solution Items", "Solution Items", "{059FC559-B06A-4184-BBB0-821D22D000FA}"
	ProjectSection(SolutionItems) = preProject
		README.md = README.md
	EndProjectSection
EndProject
Project("{FAE04EC0-301F-11D3-BF4B-00C04F79EFBC}") = "FFS.Data", "FFS.Data\FFS.Data.csproj", "{BDF6205D-C27A-4BE6-B2B2-1C780A97152B}"
EndProject
Project("{FAE04EC0-301F-11D3-BF4B-00C04F79EFBC}") = "FFS.Application", "FFS.Application\FFS.Application.csproj", "{C43944AB-EBA3-4BB4-93B8-D6170D043CCA}"
EndProject
Global
	GlobalSection(SolutionConfigurationPlatforms) = preSolution
		Debug|Any CPU = Debug|Any CPU
		Release|Any CPU = Release|Any CPU
	EndGlobalSection
	GlobalSection(ProjectConfigurationPlatforms) = postSolution
		{98E80FE8-5D83-4A21-A297-C5AA9519325D}.Debug|Any CPU.ActiveCfg = Debug|Any CPU
		{98E80FE8-5D83-4A21-A297-C5AA9519325D}.Debug|Any CPU.Build.0 = Debug|Any CPU
		{98E80FE8-5D83-4A21-A297-C5AA9519325D}.Release|Any CPU.ActiveCfg = Release|Any CPU
		{98E80FE8-5D83-4A21-A297-C5AA9519325D}.Release|Any CPU.Build.0 = Release|Any CPU
		{BDF6205D-C27A-4BE6-B2B2-1C780A97152B}.Debug|Any CPU.ActiveCfg = Debug|Any CPU
		{BDF6205D-C27A-4BE6-B2B2-1C780A97152B}.Debug|Any CPU.Build.0 = Debug|Any CPU
		{BDF6205D-C27A-4BE6-B2B2-1C780A97152B}.Release|Any CPU.ActiveCfg = Release|Any CPU
		{BDF6205D-C27A-4BE6-B2B2-1C780A97152B}.Release|Any CPU.Build.0 = Release|Any CPU
		{C43944AB-EBA3-4BB4-93B8-D6170D043CCA}.Debug|Any CPU.ActiveCfg = Debug|Any CPU
		{C43944AB-EBA3-4BB4-93B8-D6170D043CCA}.Debug|Any CPU.Build.0 = Debug|Any CPU
		{C43944AB-EBA3-4BB4-93B8-D6170D043CCA}.Release|Any CPU.ActiveCfg = Release|Any CPU
		{C43944AB-EBA3-4BB4-93B8-D6170D043CCA}.Release|Any CPU.Build.0 = Release|Any CPU
	EndGlobalSection
	GlobalSection(SolutionProperties) = preSolution
		HideSolutionNode = FALSE
	EndGlobalSection
	GlobalSection(ExtensibilityGlobals) = postSolution
		SolutionGuid = {F62C00D6-24ED-40C7-94AD-8D736886A397}
	EndGlobalSection
EndGlobal
